// !$*UTF8*$!
{
	archiveVersion = 1;
	classes = {
	};
	objectVersion = 46;
	objects = {

/* Begin PBXBuildFile section */
		BA134F491DA6C2330007FECA /* AppDelegate.swift in Sources */ = {isa = PBXBuildFile; fileRef = BA134F481DA6C2330007FECA /* AppDelegate.swift */; };
		BA134F4B1DA6C2330007FECA /* ViewController.swift in Sources */ = {isa = PBXBuildFile; fileRef = BA134F4A1DA6C2330007FECA /* ViewController.swift */; };
		BA134F4E1DA6C2330007FECA /* Main.storyboard in Resources */ = {isa = PBXBuildFile; fileRef = BA134F4C1DA6C2330007FECA /* Main.storyboard */; };
		BA134F501DA6C2330007FECA /* Assets.xcassets in Resources */ = {isa = PBXBuildFile; fileRef = BA134F4F1DA6C2330007FECA /* Assets.xcassets */; };
		BA134F531DA6C2330007FECA /* LaunchScreen.storyboard in Resources */ = {isa = PBXBuildFile; fileRef = BA134F511DA6C2330007FECA /* LaunchScreen.storyboard */; };
/* End PBXBuildFile section */

/* Begin PBXFileReference section */
		BA134F451DA6C2330007FECA /* SectionedEmojiTable.app */ = {isa = PBXFileReference; explicitFileType = wrapper.application; includeInIndex = 0; path = SectionedEmojiTable.app; sourceTree = BUILT_PRODUCTS_DIR; };
		BA134F481DA6C2330007FECA /* AppDelegate.swift */ = {isa = PBXFileReference; lastKnownFileType = sourcecode.swift; path = AppDelegate.swift; sourceTree = "<group>"; };
		BA134F4A1DA6C2330007FECA /* ViewController.swift */ = {isa = PBXFileReference; lastKnownFileType = sourcecode.swift; path = ViewController.swift; sourceTree = "<group>"; };
		BA134F4D1DA6C2330007FECA /* Base */ = {isa = PBXFileReference; lastKnownFileType = file.storyboard; name = Base; path = Base.lproj/Main.storyboard; sourceTree = "<group>"; };
		BA134F4F1DA6C2330007FECA /* Assets.xcassets */ = {isa = PBXFileReference; lastKnownFileType = folder.assetcatalog; path = Assets.xcassets; sourceTree = "<group>"; };
		BA134F521DA6C2330007FECA /* Base */ = {isa = PBXFileReference; lastKnownFileType = file.storyboard; name = Base; path = Base.lproj/LaunchScreen.storyboard; sourceTree = "<group>"; };
		BA134F541DA6C2330007FECA /* Info.plist */ = {isa = PBXFileReference; lastKnownFileType = text.plist.xml; path = Info.plist; sourceTree = "<group>"; };
/* End PBXFileReference section */

/* Begin PBXFrameworksBuildPhase section */
		BA134F421DA6C2330007FECA /* Frameworks */ = {
			isa = PBXFrameworksBuildPhase;
			buildActionMask = 2147483647;
			files = (
			);
			runOnlyForDeploymentPostprocessing = 0;
		};
/* End PBXFrameworksBuildPhase section */

/* Begin PBXGroup section */
		BA134F3C1DA6C2330007FECA = {
			isa = PBXGroup;
			children = (
				BA134F471DA6C2330007FECA /* SectionedEmojiTable */,
				BA134F461DA6C2330007FECA /* Products */,
			);
			sourceTree = "<group>";
		};
		BA134F461DA6C2330007FECA /* Products */ = {
			isa = PBXGroup;
			children = (
				BA134F451DA6C2330007FECA /* SectionedEmojiTable.app */,
			);
			name = Products;
			sourceTree = "<group>";
		};
		BA134F471DA6C2330007FECA /* SectionedEmojiTable */ = {
			isa = PBXGroup;
			children = (
				BA134F481DA6C2330007FECA /* AppDelegate.swift */,
				BA134F4A1DA6C2330007FECA /* ViewController.swift */,
				BA134F4C1DA6C2330007FECA /* Main.storyboard */,
				BA134F4F1DA6C2330007FECA /* Assets.xcassets */,
				BA134F511DA6C2330007FECA /* LaunchScreen.storyboard */,
				BA134F541DA6C2330007FECA /* Info.plist */,
			);
			path = SectionedEmojiTable;
			sourceTree = "<group>";
		};
/* End PBXGroup section */

/* Begin PBXNativeTarget section */
		BA134F441DA6C2330007FECA /* SectionedEmojiTable */ = {
			isa = PBXNativeTarget;
			buildConfigurationList = BA134F571DA6C2330007FECA /* Build configuration list for PBXNativeTarget "SectionedEmojiTable" */;
			buildPhases = (
				BA134F411DA6C2330007FECA /* Sources */,
				BA134F421DA6C2330007FECA /* Frameworks */,
				BA134F431DA6C2330007FECA /* Resources */,
			);
			buildRules = (
			);
			dependencies = (
			);
			name = SectionedEmojiTable;
			productName = SectionedEmojiTable;
			productReference = BA134F451DA6C2330007FECA /* SectionedEmojiTable.app */;
			productType = "com.apple.product-type.application";
		};
/* End PBXNativeTarget section */

/* Begin PBXProject section */
		BA134F3D1DA6C2330007FECA /* Project object */ = {
			isa = PBXProject;
			attributes = {
				LastSwiftUpdateCheck = 0730;
				LastUpgradeCheck = 0730;
				ORGANIZATIONNAME = "Mariana Del Nogal";
				TargetAttributes = {
					BA134F441DA6C2330007FECA = {
						CreatedOnToolsVersion = 7.3.1;
					};
				};
			};
			buildConfigurationList = BA134F401DA6C2330007FECA /* Build configuration list for PBXProject "SectionedEmojiTable" */;
			compatibilityVersion = "Xcode 3.2";
			developmentRegion = English;
			hasScannedForEncodings = 0;
			knownRegions = (
				en,
				Base,
			);
			mainGroup = BA134F3C1DA6C2330007FECA;
			productRefGroup = BA134F461DA6C2330007FECA /* Products */;
			projectDirPath = "";
			projectRoot = "";
			targets = (
				BA134F441DA6C2330007FECA /* SectionedEmojiTable */,
			);
		};
/* End PBXProject section */

/* Begin PBXResourcesBuildPhase section */
		BA134F431DA6C2330007FECA /* Resources */ = {
			isa = PBXResourcesBuildPhase;
			buildActionMask = 2147483647;
			files = (
				BA134F531DA6C2330007FECA /* LaunchScreen.storyboard in Resources */,
				BA134F501DA6C2330007FECA /* Assets.xcassets in Resources */,
				BA134F4E1DA6C2330007FECA /* Main.storyboard in Resources */,
			);
			runOnlyForDeploymentPostprocessing = 0;
		};
/* End PBXResourcesBuildPhase section */

/* Begin PBXSourcesBuildPhase section */
		BA134F411DA6C2330007FECA /* Sources */ = {
			isa = PBXSourcesBuildPhase;
			buildActionMask = 2147483647;
			files = (
				BA134F4B1DA6C2330007FECA /* ViewController.swift in Sources */,
				BA134F491DA6C2330007FECA /* AppDelegate.swift in Sources */,
			);
			runOnlyForDeploymentPostprocessing = 0;
		};
/* End PBXSourcesBuildPhase section */

/* Begin PBXVariantGroup section */
		BA134F4C1DA6C2330007FECA /* Main.storyboard */ = {
			isa = PBXVariantGroup;
			children = (
				BA134F4D1DA6C2330007FECA /* Base */,
			);
			name = Main.storyboard;
			sourceTree = "<group>";
		};
		BA134F511DA6C2330007FECA /* LaunchScreen.storyboard */ = {
			isa = PBXVariantGroup;
			children = (
				BA134F521DA6C2330007FECA /* Base */,
			);
			name = LaunchScreen.storyboard;
			sourceTree = "<group>";
		};
/* End PBXVariantGroup section */

/* Begin XCBuildConfiguration section */
		BA134F551DA6C2330007FECA /* Debug */ = {
			isa = XCBuildConfiguration;
			buildSettings = {
				ALWAYS_SEARCH_USER_PATHS = NO;
				CLANG_ANALYZER_NONNULL = YES;
				CLANG_CXX_LANGUAGE_STANDARD = "gnu++0x";
				CLANG_CXX_LIBRARY = "libc++";
				CLANG_ENABLE_MODULES = YES;
				CLANG_ENABLE_OBJC_ARC = YES;
				CLANG_WARN_BOOL_CONVERSION = YES;
				CLANG_WARN_CONSTANT_CONVERSION = YES;
				CLANG_WARN_DIRECT_OBJC_ISA_USAGE = YES_ERROR;
				CLANG_WARN_EMPTY_BODY = YES;
				CLANG_WARN_ENUM_CONVERSION = YES;
				CLANG_WARN_INT_CONVERSION = YES;
				CLANG_WARN_OBJC_ROOT_CLASS = YES_ERROR;
				CLANG_WARN_UNREACHABLE_CODE = YES;
				CLANG_WARN__DUPLICATE_METHOD_MATCH = YES;
				"CODE_SIGN_IDENTITY[sdk=iphoneos*]" = "iPhone Developer";
				COPY_PHASE_STRIP = NO;
				DEBUG_INFORMATION_FORMAT = dwarf;
				ENABLE_STRICT_OBJC_MSGSEND = YES;
				ENABLE_TESTABILITY = YES;
				GCC_C_LANGUAGE_STANDARD = gnu99;
				GCC_DYNAMIC_NO_PIC = NO;
				GCC_NO_COMMON_BLOCKS = YES;
				GCC_OPTIMIZATION_LEVEL = 0;
				GCC_PREPROCESSOR_DEFINITIONS = (
					"DEBUG=1",
					"$(inherited)",
				);
				GCC_WARN_64_TO_32_BIT_CONVERSION = YES;
				GCC_WARN_ABOUT_RETURN_TYPE = YES_ERROR;
				GCC_WARN_UNDECLARED_SELECTOR = YES;
				GCC_WARN_UNINITIALIZED_AUTOS = YES_AGGRESSIVE;
				GCC_WARN_UNUSED_FUNCTION = YES;
				GCC_WARN_UNUSED_VARIABLE = YES;
				IPHONEOS_DEPLOYMENT_TARGET = 9.3;
				MTL_ENABLE_DEBUG_INFO = YES;
				ONLY_ACTIVE_ARCH = YES;
				SDKROOT = iphoneos;
				SWIFT_OPTIMIZATION_LEVEL = "-Onone";
				TARGETED_DEVICE_FAMILY = "1,2";
			};
			name = Debug;
		};
		BA134F561DA6C2330007FECA /* Release */ = {
			isa = XCBuildConfiguration;
			buildSettings = {
				ALWAYS_SEARCH_USER_PATHS = NO;
				CLANG_ANALYZER_NONNULL = YES;
				CLANG_CXX_LANGUAGE_STANDARD = "gnu++0x";
				CLANG_CXX_LIBRARY = "libc++";
				CLANG_ENABLE_MODULES = YES;
				CLANG_ENABLE_OBJC_ARC = YES;
				CLANG_WARN_BOOL_CONVERSION = YES;
				CLANG_WARN_CONSTANT_CONVERSION = YES;
				CLANG_WARN_DIRECT_OBJC_ISA_USAGE = YES_ERROR;
				CLANG_WARN_EMPTY_BODY = YES;
				CLANG_WARN_ENUM_CONVERSION = YES;
				CLANG_WARN_INT_CONVERSION = YES;
				CLANG_WARN_OBJC_ROOT_CLASS = YES_ERROR;
				CLANG_WARN_UNREACHABLE_CODE = YES;
				CLANG_WARN__DUPLICATE_METHOD_MATCH = YES;
				"CODE_SIGN_IDENTITY[sdk=iphoneos*]" = "iPhone Developer";
				COPY_PHASE_STRIP = NO;
				DEBUG_INFORMATION_FORMAT = "dwarf-with-dsym";
				ENABLE_NS_ASSERTIONS = NO;
				ENABLE_STRICT_OBJC_MSGSEND = YES;
				GCC_C_LANGUAGE_STANDARD = gnu99;
				GCC_NO_COMMON_BLOCKS = YES;
				GCC_WARN_64_TO_32_BIT_CONVERSION = YES;
				GCC_WARN_ABOUT_RETURN_TYPE = YES_ERROR;
				GCC_WARN_UNDECLARED_SELECTOR = YES;
				GCC_WARN_UNINITIALIZED_AUTOS = YES_AGGRESSIVE;
				GCC_WARN_UNUSED_FUNCTION = YES;
				GCC_WARN_UNUSED_VARIABLE = YES;
				IPHONEOS_DEPLOYMENT_TARGET = 9.3;
				MTL_ENABLE_DEBUG_INFO = NO;
				SDKROOT = iphoneos;
				TARGETED_DEVICE_FAMILY = "1,2";
				VALIDATE_PRODUCT = YES;
			};
			name = Release;
		};
		BA134F581DA6C2330007FECA /* Debug */ = {
			isa = XCBuildConfiguration;
			buildSettings = {
				ASSETCATALOG_COMPILER_APPICON_NAME = AppIcon;
				INFOPLIST_FILE = SectionedEmojiTable/Info.plist;
				LD_RUNPATH_SEARCH_PATHS = "$(inherited) @executable_path/Frameworks";
				PRODUCT_BUNDLE_IDENTIFIER = nyc.mariana.SectionedEmojiTable;
				PRODUCT_NAME = "$(TARGET_NAME)";
			};
			name = Debug;
		};
		BA134F591DA6C2330007FECA /* Release */ = {
			isa = XCBuildConfiguration;
			buildSettings = {
				ASSETCATALOG_COMPILER_APPICON_NAME = AppIcon;
				INFOPLIST_FILE = SectionedEmojiTable/Info.plist;
				LD_RUNPATH_SEARCH_PATHS = "$(inherited) @executable_path/Frameworks";
				PRODUCT_BUNDLE_IDENTIFIER = nyc.mariana.SectionedEmojiTable;
				PRODUCT_NAME = "$(TARGET_NAME)";
			};
			name = Release;
		};
/* End XCBuildConfiguration section */

/* Begin XCConfigurationList section */
		BA134F401DA6C2330007FECA /* Build configuration list for PBXProject "SectionedEmojiTable" */ = {
			isa = XCConfigurationList;
			buildConfigurations = (
				BA134F551DA6C2330007FECA /* Debug */,
				BA134F561DA6C2330007FECA /* Release */,
			);
			defaultConfigurationIsVisible = 0;
			defaultConfigurationName = Release;
		};
		BA134F571DA6C2330007FECA /* Build configuration list for PBXNativeTarget "SectionedEmojiTable" */ = {
			isa = XCConfigurationList;
			buildConfigurations = (
				BA134F581DA6C2330007FECA /* Debug */,
				BA134F591DA6C2330007FECA /* Release */,
			);
			defaultConfigurationIsVisible = 0;
		};
/* End XCConfigurationList section */
	};
	rootObject = BA134F3D1DA6C2330007FECA /* Project object */;
}
